
Microsoft Visual Studio Solution File, Format Version 12.00
# Visual Studio Version 17
VisualStudioVersion = 17.0.31903.59
MinimumVisualStudioVersion = 10.0.40219.1
Project("{2150E333-8FDC-42A3-9474-1A3956D46DE8}") = "src", "src", "{827E0CD3-B72D-47B6-A68D-7590B98EB39B}"
EndProject
Project("{FAE04EC0-301F-11D3-BF4B-00C04F79EFBC}") = "Backstory.Core", "src\Backstory.Core\Backstory.Core.csproj", "{D9D03CF5-C26E-4DF3-920E-7984F44683AC}"
EndProject
Project("{2150E333-8FDC-42A3-9474-1A3956D46DE8}") = "tests", "tests", "{0AB3BF05-4346-4AA6-1389-037BE0695223}"
EndProject
Project("{FAE04EC0-301F-11D3-BF4B-00C04F79EFBC}") = "Backstory.Core.Tests", "tests\Backstory.Core.Tests\Backstory.Core.Tests.csproj", "{C8A1B613-A761-4CEF-93AC-0A92C9C2EA20}"
EndProject
Project("{FAE04EC0-301F-11D3-BF4B-00C04F79EFBC}") = "Backstory.Infrastructure", "src\Backstory.Infrastructure\Backstory.Infrastructure.csproj", "{0697113B-CF2D-4915-A1F2-7A7F19481CCE}"
EndProject
Project("{2150E333-8FDC-42A3-9474-1A3956D46DE8}") = "tools", "tools", "{07C2787E-EAC7-C090-1BA3-A61EC2A24D84}"
EndProject
Project("{FAE04EC0-301F-11D3-BF4B-00C04F79EFBC}") = "Backstory.KafkaDemo", "tools\Backstory.KafkaDemo\Backstory.KafkaDemo.csproj", "{4421E0E3-881E-4C46-B658-559A02E6A8BD}"
EndProject
Project("{FAE04EC0-301F-11D3-BF4B-00C04F79EFBC}") = "Backstory.Infrastructure.Tests", "tests\Backstory.Infrastructure.Tests\Backstory.Infrastructure.Tests.csproj", "{690B221D-DAB6-423B-98BB-D4D5AD4FC681}"
EndProject
Global
	GlobalSection(SolutionConfigurationPlatforms) = preSolution
		Debug|Any CPU = Debug|Any CPU
		Debug|x64 = Debug|x64
		Debug|x86 = Debug|x86
		Release|Any CPU = Release|Any CPU
		Release|x64 = Release|x64
		Release|x86 = Release|x86
	EndGlobalSection
	GlobalSection(ProjectConfigurationPlatforms) = postSolution
		{D9D03CF5-C26E-4DF3-920E-7984F44683AC}.Debug|Any CPU.ActiveCfg = Debug|Any CPU
		{D9D03CF5-C26E-4DF3-920E-7984F44683AC}.Debug|Any CPU.Build.0 = Debug|Any CPU
		{D9D03CF5-C26E-4DF3-920E-7984F44683AC}.Debug|x64.ActiveCfg = Debug|Any CPU
		{D9D03CF5-C26E-4DF3-920E-7984F44683AC}.Debug|x64.Build.0 = Debug|Any CPU
		{D9D03CF5-C26E-4DF3-920E-7984F44683AC}.Debug|x86.ActiveCfg = Debug|Any CPU
		{D9D03CF5-C26E-4DF3-920E-7984F44683AC}.Debug|x86.Build.0 = Debug|Any CPU
		{D9D03CF5-C26E-4DF3-920E-7984F44683AC}.Release|Any CPU.ActiveCfg = Release|Any CPU
		{D9D03CF5-C26E-4DF3-920E-7984F44683AC}.Release|Any CPU.Build.0 = Release|Any CPU
		{D9D03CF5-C26E-4DF3-920E-7984F44683AC}.Release|x64.ActiveCfg = Release|Any CPU
		{D9D03CF5-C26E-4DF3-920E-7984F44683AC}.Release|x64.Build.0 = Release|Any CPU
		{D9D03CF5-C26E-4DF3-920E-7984F44683AC}.Release|x86.ActiveCfg = Release|Any CPU
		{D9D03CF5-C26E-4DF3-920E-7984F44683AC}.Release|x86.Build.0 = Release|Any CPU
		{C8A1B613-A761-4CEF-93AC-0A92C9C2EA20}.Debug|Any CPU.ActiveCfg = Debug|Any CPU
		{C8A1B613-A761-4CEF-93AC-0A92C9C2EA20}.Debug|Any CPU.Build.0 = Debug|Any CPU
		{C8A1B613-A761-4CEF-93AC-0A92C9C2EA20}.Debug|x64.ActiveCfg = Debug|Any CPU
		{C8A1B613-A761-4CEF-93AC-0A92C9C2EA20}.Debug|x64.Build.0 = Debug|Any CPU
		{C8A1B613-A761-4CEF-93AC-0A92C9C2EA20}.Debug|x86.ActiveCfg = Debug|Any CPU
		{C8A1B613-A761-4CEF-93AC-0A92C9C2EA20}.Debug|x86.Build.0 = Debug|Any CPU
		{C8A1B613-A761-4CEF-93AC-0A92C9C2EA20}.Release|Any CPU.ActiveCfg = Release|Any CPU
		{C8A1B613-A761-4CEF-93AC-0A92C9C2EA20}.Release|Any CPU.Build.0 = Release|Any CPU
		{C8A1B613-A761-4CEF-93AC-0A92C9C2EA20}.Release|x64.ActiveCfg = Release|Any CPU
		{C8A1B613-A761-4CEF-93AC-0A92C9C2EA20}.Release|x64.Build.0 = Release|Any CPU
		{C8A1B613-A761-4CEF-93AC-0A92C9C2EA20}.Release|x86.ActiveCfg = Release|Any CPU
		{C8A1B613-A761-4CEF-93AC-0A92C9C2EA20}.Release|x86.Build.0 = Release|Any CPU
		{0697113B-CF2D-4915-A1F2-7A7F19481CCE}.Debug|Any CPU.ActiveCfg = Debug|Any CPU
		{0697113B-CF2D-4915-A1F2-7A7F19481CCE}.Debug|Any CPU.Build.0 = Debug|Any CPU
		{0697113B-CF2D-4915-A1F2-7A7F19481CCE}.Debug|x64.ActiveCfg = Debug|Any CPU
		{0697113B-CF2D-4915-A1F2-7A7F19481CCE}.Debug|x64.Build.0 = Debug|Any CPU
		{0697113B-CF2D-4915-A1F2-7A7F19481CCE}.Debug|x86.ActiveCfg = Debug|Any CPU
		{0697113B-CF2D-4915-A1F2-7A7F19481CCE}.Debug|x86.Build.0 = Debug|Any CPU
		{0697113B-CF2D-4915-A1F2-7A7F19481CCE}.Release|Any CPU.ActiveCfg = Release|Any CPU
		{0697113B-CF2D-4915-A1F2-7A7F19481CCE}.Release|Any CPU.Build.0 = Release|Any CPU
		{0697113B-CF2D-4915-A1F2-7A7F19481CCE}.Release|x64.ActiveCfg = Release|Any CPU
		{0697113B-CF2D-4915-A1F2-7A7F19481CCE}.Release|x64.Build.0 = Release|Any CPU
		{0697113B-CF2D-4915-A1F2-7A7F19481CCE}.Release|x86.ActiveCfg = Release|Any CPU
		{0697113B-CF2D-4915-A1F2-7A7F19481CCE}.Release|x86.Build.0 = Release|Any CPU
		{4421E0E3-881E-4C46-B658-559A02E6A8BD}.Debug|Any CPU.ActiveCfg = Debug|Any CPU
		{4421E0E3-881E-4C46-B658-559A02E6A8BD}.Debug|Any CPU.Build.0 = Debug|Any CPU
		{4421E0E3-881E-4C46-B658-559A02E6A8BD}.Debug|x64.ActiveCfg = Debug|Any CPU
		{4421E0E3-881E-4C46-B658-559A02E6A8BD}.Debug|x64.Build.0 = Debug|Any CPU
		{4421E0E3-881E-4C46-B658-559A02E6A8BD}.Debug|x86.ActiveCfg = Debug|Any CPU
		{4421E0E3-881E-4C46-B658-559A02E6A8BD}.Debug|x86.Build.0 = Debug|Any CPU
		{4421E0E3-881E-4C46-B658-559A02E6A8BD}.Release|Any CPU.ActiveCfg = Release|Any CPU
		{4421E0E3-881E-4C46-B658-559A02E6A8BD}.Release|Any CPU.Build.0 = Release|Any CPU
		{4421E0E3-881E-4C46-B658-559A02E6A8BD}.Release|x64.ActiveCfg = Release|Any CPU
		{4421E0E3-881E-4C46-B658-559A02E6A8BD}.Release|x64.Build.0 = Release|Any CPU
		{4421E0E3-881E-4C46-B658-559A02E6A8BD}.Release|x86.ActiveCfg = Release|Any CPU
		{4421E0E3-881E-4C46-B658-559A02E6A8BD}.Release|x86.Build.0 = Release|Any CPU
		{690B221D-DAB6-423B-98BB-D4D5AD4FC681}.Debug|Any CPU.ActiveCfg = Debug|Any CPU
		{690B221D-DAB6-423B-98BB-D4D5AD4FC681}.Debug|Any CPU.Build.0 = Debug|Any CPU
		{690B221D-DAB6-423B-98BB-D4D5AD4FC681}.Debug|x64.ActiveCfg = Debug|Any CPU
		{690B221D-DAB6-423B-98BB-D4D5AD4FC681}.Debug|x64.Build.0 = Debug|Any CPU
		{690B221D-DAB6-423B-98BB-D4D5AD4FC681}.Debug|x86.ActiveCfg = Debug|Any CPU
		{690B221D-DAB6-423B-98BB-D4D5AD4FC681}.Debug|x86.Build.0 = Debug|Any CPU
		{690B221D-DAB6-423B-98BB-D4D5AD4FC681}.Release|Any CPU.ActiveCfg = Release|Any CPU
		{690B221D-DAB6-423B-98BB-D4D5AD4FC681}.Release|Any CPU.Build.0 = Release|Any CPU
		{690B221D-DAB6-423B-98BB-D4D5AD4FC681}.Release|x64.ActiveCfg = Release|Any CPU
		{690B221D-DAB6-423B-98BB-D4D5AD4FC681}.Release|x64.Build.0 = Release|Any CPU
		{690B221D-DAB6-423B-98BB-D4D5AD4FC681}.Release|x86.ActiveCfg = Release|Any CPU
		{690B221D-DAB6-423B-98BB-D4D5AD4FC681}.Release|x86.Build.0 = Release|Any CPU
	EndGlobalSection
	GlobalSection(SolutionProperties) = preSolution
		HideSolutionNode = FALSE
	EndGlobalSection
	GlobalSection(NestedProjects) = preSolution
		{D9D03CF5-C26E-4DF3-920E-7984F44683AC} = {827E0CD3-B72D-47B6-A68D-7590B98EB39B}
		{C8A1B613-A761-4CEF-93AC-0A92C9C2EA20} = {0AB3BF05-4346-4AA6-1389-037BE0695223}
		{0697113B-CF2D-4915-A1F2-7A7F19481CCE} = {827E0CD3-B72D-47B6-A68D-7590B98EB39B}
		{4421E0E3-881E-4C46-B658-559A02E6A8BD} = {07C2787E-EAC7-C090-1BA3-A61EC2A24D84}
		{690B221D-DAB6-423B-98BB-D4D5AD4FC681} = {0AB3BF05-4346-4AA6-1389-037BE0695223}
	EndGlobalSection
EndGlobal
